
Microsoft Visual Studio Solution File, Format Version 12.00
# Visual Studio Version 17
VisualStudioVersion = 17.1.32210.238
MinimumVisualStudioVersion = 10.0.40219.1
Project("{9A19103F-16F7-4668-BE54-9A1E7A4F7556}") = "GoogleSearchApiDownloader", "GoogleSearchApiDownloader\GoogleSearchApiDownloader.csproj", "{904B12B9-7CEB-42A4-B7E3-A9765811B616}"
EndProject
Project("{FAE04EC0-301F-11D3-BF4B-00C04F79EFBC}") = "SerpApiImageDownloader", "SerpApiImageDownloader\SerpApiImageDownloader.csproj", "{A40BBBBC-EE23-4978-AE70-9E434219B480}"
EndProject
Global
	GlobalSection(SolutionConfigurationPlatforms) = preSolution
		Debug|Any CPU = Debug|Any CPU
		Release|Any CPU = Release|Any CPU
	EndGlobalSection
	GlobalSection(ProjectConfigurationPlatforms) = postSolution
		{904B12B9-7CEB-42A4-B7E3-A9765811B616}.Debug|Any CPU.ActiveCfg = Debug|Any CPU
		{904B12B9-7CEB-42A4-B7E3-A9765811B616}.Debug|Any CPU.Build.0 = Debug|Any CPU
		{904B12B9-7CEB-42A4-B7E3-A9765811B616}.Release|Any CPU.ActiveCfg = Release|Any CPU
		{904B12B9-7CEB-42A4-B7E3-A9765811B616}.Release|Any CPU.Build.0 = Release|Any CPU
		{A40BBBBC-EE23-4978-AE70-9E434219B480}.Debug|Any CPU.ActiveCfg = Debug|Any CPU
		{A40BBBBC-EE23-4978-AE70-9E434219B480}.Debug|Any CPU.Build.0 = Debug|Any CPU
		{A40BBBBC-EE23-4978-AE70-9E434219B480}.Release|Any CPU.ActiveCfg = Release|Any CPU
		{A40BBBBC-EE23-4978-AE70-9E434219B480}.Release|Any CPU.Build.0 = Release|Any CPU
	EndGlobalSection
	GlobalSection(SolutionProperties) = preSolution
		HideSolutionNode = FALSE
	EndGlobalSection
	GlobalSection(ExtensibilityGlobals) = postSolution
		SolutionGuid = {184E9D8A-DF5A-4BFF-9D3D-3981806CB96E}
	EndGlobalSection
EndGlobal
